
Microsoft Visual Studio Solution File, Format Version 12.00
# Visual Studio Version 17
VisualStudioVersion = 17.12.35728.132
MinimumVisualStudioVersion = 10.0.40219.1
Project("{FAE04EC0-301F-11D3-BF4B-00C04F79EFBC}") = "Glacc.UI", "Glacc.UI\Glacc.UI\Glacc.UI.csproj", "{9EF80D12-C0C4-4B4E-B012-89F59D3BA15B}"
EndProject
Project("{FAE04EC0-301F-11D3-BF4B-00C04F79EFBC}") = "Glacc.KeyOverlay_qwq", "KeyOverlay_qwq\Glacc.KeyOverlay_qwq.csproj", "{398CD2D1-8508-4052-B632-B0E69EEEAC91}"
EndProject
Global
	GlobalSection(SolutionConfigurationPlatforms) = preSolution
		Debug|Any CPU = Debug|Any CPU
		Release|Any CPU = Release|Any CPU
	EndGlobalSection
	GlobalSection(ProjectConfigurationPlatforms) = postSolution
		{9EF80D12-C0C4-4B4E-B012-89F59D3BA15B}.Debug|Any CPU.ActiveCfg = Debug|Any CPU
		{9EF80D12-C0C4-4B4E-B012-89F59D3BA15B}.Debug|Any CPU.Build.0 = Debug|Any CPU
		{9EF80D12-C0C4-4B4E-B012-89F59D3BA15B}.Release|Any CPU.ActiveCfg = Release|Any CPU
		{9EF80D12-C0C4-4B4E-B012-89F59D3BA15B}.Release|Any CPU.Build.0 = Release|Any CPU
		{398CD2D1-8508-4052-B632-B0E69EEEAC91}.Debug|Any CPU.ActiveCfg = Debug|Any CPU
		{398CD2D1-8508-4052-B632-B0E69EEEAC91}.Debug|Any CPU.Build.0 = Debug|Any CPU
		{398CD2D1-8508-4052-B632-B0E69EEEAC91}.Release|Any CPU.ActiveCfg = Release|Any CPU
		{398CD2D1-8508-4052-B632-B0E69EEEAC91}.Release|Any CPU.Build.0 = Release|Any CPU
	EndGlobalSection
	GlobalSection(SolutionProperties) = preSolution
		HideSolutionNode = FALSE
	EndGlobalSection
EndGlobal
